{
  "pins" : [
    {
      "identity" : "genericmodule",
      "kind" : "remoteSourceControl",
      "location" : "https://github.com/disabled/GenericModule",
      "state" : {
        "branch" : "master",
        "revision" : "86bf69135d2622527a862f6497b531b1a3782b40"
      }
    },
    {
      "identity" : "lottie-ios",
      "kind" : "remoteSourceControl",
      "location" : "https://github.com/airbnb/lottie-ios",
      "state" : {
        "branch" : "master",
        "revision" : "9e8cd70efd2396f464ace41ea95b803cf8e90f87"
      }
    }
  ],
  "version" : 2
}
