// !$*UTF8*$!
{
	archiveVersion = 1;
	classes = {
	};
	objectVersion = 56;
	objects = {

/* Begin PBXBuildFile section */
		2E90F8F22D76F13E0007D6DE /* LumaKitShare in Frameworks */ = {isa = PBXBuildFile; productRef = 2E90F8F12D76F13E0007D6DE /* LumaKitShare */; };
		555B7BB72B7CB691004CE646 /* CollectionViewManagerExampleViewController.swift in Sources */ = {isa = PBXBuildFile; fileRef = 555B7BB62B7CB691004CE646 /* CollectionViewManagerExampleViewController.swift */; };
		555B7BB92B7CB705004CE646 /* TestCell.swift in Sources */ = {isa = PBXBuildFile; fileRef = 555B7BB82B7CB705004CE646 /* TestCell.swift */; };
		557943A52B87291600AAF06D /* UIElementsViewController.swift in Sources */ = {isa = PBXBuildFile; fileRef = 557943A42B87291600AAF06D /* UIElementsViewController.swift */; };
		557944572B872F3600AAF06D /* ExamplePresenter.swift in Sources */ = {isa = PBXBuildFile; fileRef = 557944522B872F3600AAF06D /* ExamplePresenter.swift */; };
		557944582B872F3600AAF06D /* ExampleModule.swift in Sources */ = {isa = PBXBuildFile; fileRef = 557944532B872F3600AAF06D /* ExampleModule.swift */; };
		557944592B872F3600AAF06D /* ExampleViewController.swift in Sources */ = {isa = PBXBuildFile; fileRef = 557944542B872F3600AAF06D /* ExampleViewController.swift */; };
		5579445A2B872F3600AAF06D /* ExampleState.swift in Sources */ = {isa = PBXBuildFile; fileRef = 557944552B872F3600AAF06D /* ExampleState.swift */; };
		5579445B2B872F3600AAF06D /* ExampleViewModel.swift in Sources */ = {isa = PBXBuildFile; fileRef = 557944562B872F3600AAF06D /* ExampleViewModel.swift */; };
		5579445D2B872F8500AAF06D /* ExampleCoordinator.swift in Sources */ = {isa = PBXBuildFile; fileRef = 5579445C2B872F8500AAF06D /* ExampleCoordinator.swift */; };
		5579445F2B87316E00AAF06D /* video.mov in Resources */ = {isa = PBXBuildFile; fileRef = 5579445E2B87316E00AAF06D /* video.mov */; };
		557944672B87356500AAF06D /* LayoutCell.xib in Resources */ = {isa = PBXBuildFile; fileRef = 557944662B87356500AAF06D /* LayoutCell.xib */; };
		557944692B87356E00AAF06D /* LayoutCell.swift in Sources */ = {isa = PBXBuildFile; fileRef = 557944682B87356E00AAF06D /* LayoutCell.swift */; };
		55A540672C85A156008A485B /* PlayersExampleViewController.swift in Sources */ = {isa = PBXBuildFile; fileRef = 55A540662C85A156008A485B /* PlayersExampleViewController.swift */; };
		55A540692C85A625008A485B /* video-short.mov in Resources */ = {isa = PBXBuildFile; fileRef = 55A540682C85A625008A485B /* video-short.mov */; };
		55B146562C7480B300FB731B /* HeaderView.swift in Sources */ = {isa = PBXBuildFile; fileRef = 55B146552C7480B300FB731B /* HeaderView.swift */; };
		55B146582C7480BE00FB731B /* HeaderView.xib in Resources */ = {isa = PBXBuildFile; fileRef = 55B146572C7480BE00FB731B /* HeaderView.xib */; };
		55B4351F2B7A284300B9646F /* LumaKit in Frameworks */ = {isa = PBXBuildFile; productRef = 55B4351E2B7A284300B9646F /* LumaKit */; };
		55BE9DF62ADFA91200FFE81E /* AppDelegate.swift in Sources */ = {isa = PBXBuildFile; fileRef = 55BE9DF52ADFA91200FFE81E /* AppDelegate.swift */; };
		55BE9DF82ADFA91200FFE81E /* SceneDelegate.swift in Sources */ = {isa = PBXBuildFile; fileRef = 55BE9DF72ADFA91200FFE81E /* SceneDelegate.swift */; };
		55BE9DFA2ADFA91200FFE81E /* MainViewController.swift in Sources */ = {isa = PBXBuildFile; fileRef = 55BE9DF92ADFA91200FFE81E /* MainViewController.swift */; };
		55BE9DFD2ADFA91200FFE81E /* Main.storyboard in Resources */ = {isa = PBXBuildFile; fileRef = 55BE9DFB2ADFA91200FFE81E /* Main.storyboard */; };
		55BE9DFF2ADFA91300FFE81E /* Assets.xcassets in Resources */ = {isa = PBXBuildFile; fileRef = 55BE9DFE2ADFA91300FFE81E /* Assets.xcassets */; };
		55BE9E022ADFA91300FFE81E /* LaunchScreen.storyboard in Resources */ = {isa = PBXBuildFile; fileRef = 55BE9E002ADFA91300FFE81E /* LaunchScreen.storyboard */; };
/* End PBXBuildFile section */

/* Begin PBXFileReference section */
		555B7BB62B7CB691004CE646 /* CollectionViewManagerExampleViewController.swift */ = {isa = PBXFileReference; lastKnownFileType = sourcecode.swift; path = CollectionViewManagerExampleViewController.swift; sourceTree = "<group>"; };
		555B7BB82B7CB705004CE646 /* TestCell.swift */ = {isa = PBXFileReference; lastKnownFileType = sourcecode.swift; path = TestCell.swift; sourceTree = "<group>"; };
		557943A42B87291600AAF06D /* UIElementsViewController.swift */ = {isa = PBXFileReference; lastKnownFileType = sourcecode.swift; path = UIElementsViewController.swift; sourceTree = "<group>"; };
		5579442E2B872EEA00AAF06D /* .general.yml */ = {isa = PBXFileReference; lastKnownFileType = text.yaml; path = .general.yml; sourceTree = SOURCE_ROOT; };
		557944322B872EEA00AAF06D /* ViewModel.swift.stencil */ = {isa = PBXFileReference; lastKnownFileType = text; path = ViewModel.swift.stencil; sourceTree = "<group>"; };
		557944332B872EEA00AAF06D /* Presenter.swift.stencil */ = {isa = PBXFileReference; lastKnownFileType = text; path = Presenter.swift.stencil; sourceTree = "<group>"; };
		557944342B872EEA00AAF06D /* ViewController.swift.stencil */ = {isa = PBXFileReference; lastKnownFileType = text; path = ViewController.swift.stencil; sourceTree = "<group>"; };
		557944352B872EEA00AAF06D /* State.swift.stencil */ = {isa = PBXFileReference; lastKnownFileType = text; path = State.swift.stencil; sourceTree = "<group>"; };
		557944362B872EEA00AAF06D /* Module.swift.stencil */ = {isa = PBXFileReference; lastKnownFileType = text; path = Module.swift.stencil; sourceTree = "<group>"; };
		557944372B872EEA00AAF06D /* spec.yml */ = {isa = PBXFileReference; lastKnownFileType = text.yaml; path = spec.yml; sourceTree = "<group>"; };
		557944392B872EEA00AAF06D /* spec.yml */ = {isa = PBXFileReference; lastKnownFileType = text.yaml; path = spec.yml; sourceTree = "<group>"; };
		5579443B2B872EEA00AAF06D /* header.stencil */ = {isa = PBXFileReference; lastKnownFileType = text; path = header.stencil; sourceTree = "<group>"; };
		5579443E2B872EEA00AAF06D /* View.swift.stencil */ = {isa = PBXFileReference; lastKnownFileType = text; path = View.swift.stencil; sourceTree = "<group>"; };
		557944412B872EEA00AAF06D /* Service.swift.stencil */ = {isa = PBXFileReference; lastKnownFileType = text; path = Service.swift.stencil; sourceTree = "<group>"; };
		557944422B872EEA00AAF06D /* Services.swift.stencil */ = {isa = PBXFileReference; lastKnownFileType = text; path = Services.swift.stencil; sourceTree = "<group>"; };
		557944432B872EEA00AAF06D /* ServiceImp.swift.stencil */ = {isa = PBXFileReference; lastKnownFileType = text; path = ServiceImp.swift.stencil; sourceTree = "<group>"; };
		557944442B872EEA00AAF06D /* spec.yml */ = {isa = PBXFileReference; lastKnownFileType = text.yaml; path = spec.yml; sourceTree = "<group>"; };
		557944522B872F3600AAF06D /* ExamplePresenter.swift */ = {isa = PBXFileReference; fileEncoding = 4; lastKnownFileType = sourcecode.swift; path = ExamplePresenter.swift; sourceTree = "<group>"; };
		557944532B872F3600AAF06D /* ExampleModule.swift */ = {isa = PBXFileReference; fileEncoding = 4; lastKnownFileType = sourcecode.swift; path = ExampleModule.swift; sourceTree = "<group>"; };
		557944542B872F3600AAF06D /* ExampleViewController.swift */ = {isa = PBXFileReference; fileEncoding = 4; lastKnownFileType = sourcecode.swift; path = ExampleViewController.swift; sourceTree = "<group>"; };
		557944552B872F3600AAF06D /* ExampleState.swift */ = {isa = PBXFileReference; fileEncoding = 4; lastKnownFileType = sourcecode.swift; path = ExampleState.swift; sourceTree = "<group>"; };
		557944562B872F3600AAF06D /* ExampleViewModel.swift */ = {isa = PBXFileReference; fileEncoding = 4; lastKnownFileType = sourcecode.swift; path = ExampleViewModel.swift; sourceTree = "<group>"; };
		5579445C2B872F8500AAF06D /* ExampleCoordinator.swift */ = {isa = PBXFileReference; lastKnownFileType = sourcecode.swift; path = ExampleCoordinator.swift; sourceTree = "<group>"; };
		5579445E2B87316E00AAF06D /* video.mov */ = {isa = PBXFileReference; lastKnownFileType = video.quicktime; path = video.mov; sourceTree = "<group>"; };
		557944662B87356500AAF06D /* LayoutCell.xib */ = {isa = PBXFileReference; lastKnownFileType = file.xib; path = LayoutCell.xib; sourceTree = "<group>"; };
		557944682B87356E00AAF06D /* LayoutCell.swift */ = {isa = PBXFileReference; lastKnownFileType = sourcecode.swift; path = LayoutCell.swift; sourceTree = "<group>"; };
		559E25B02BBBC33700B89996 /* LumaKitExample.entitlements */ = {isa = PBXFileReference; lastKnownFileType = text.plist.entitlements; path = LumaKitExample.entitlements; sourceTree = "<group>"; };
		55A540662C85A156008A485B /* PlayersExampleViewController.swift */ = {isa = PBXFileReference; lastKnownFileType = sourcecode.swift; path = PlayersExampleViewController.swift; sourceTree = "<group>"; };
		55A540682C85A625008A485B /* video-short.mov */ = {isa = PBXFileReference; lastKnownFileType = video.quicktime; path = "video-short.mov"; sourceTree = "<group>"; };
		55B146552C7480B300FB731B /* HeaderView.swift */ = {isa = PBXFileReference; lastKnownFileType = sourcecode.swift; path = HeaderView.swift; sourceTree = "<group>"; };
		55B146572C7480BE00FB731B /* HeaderView.xib */ = {isa = PBXFileReference; lastKnownFileType = file.xib; path = HeaderView.xib; sourceTree = "<group>"; };
		55BE9DF22ADFA91200FFE81E /* LumaKitExample.app */ = {isa = PBXFileReference; explicitFileType = wrapper.application; includeInIndex = 0; path = LumaKitExample.app; sourceTree = BUILT_PRODUCTS_DIR; };
		55BE9DF52ADFA91200FFE81E /* AppDelegate.swift */ = {isa = PBXFileReference; lastKnownFileType = sourcecode.swift; path = AppDelegate.swift; sourceTree = "<group>"; };
		55BE9DF72ADFA91200FFE81E /* SceneDelegate.swift */ = {isa = PBXFileReference; lastKnownFileType = sourcecode.swift; path = SceneDelegate.swift; sourceTree = "<group>"; };
		55BE9DF92ADFA91200FFE81E /* MainViewController.swift */ = {isa = PBXFileReference; lastKnownFileType = sourcecode.swift; path = MainViewController.swift; sourceTree = "<group>"; };
		55BE9DFC2ADFA91200FFE81E /* Base */ = {isa = PBXFileReference; lastKnownFileType = file.storyboard; name = Base; path = Base.lproj/Main.storyboard; sourceTree = "<group>"; };
		55BE9DFE2ADFA91300FFE81E /* Assets.xcassets */ = {isa = PBXFileReference; lastKnownFileType = folder.assetcatalog; path = Assets.xcassets; sourceTree = "<group>"; };
		55BE9E012ADFA91300FFE81E /* Base */ = {isa = PBXFileReference; lastKnownFileType = file.storyboard; name = Base; path = Base.lproj/LaunchScreen.storyboard; sourceTree = "<group>"; };
		55BE9E032ADFA91300FFE81E /* Info.plist */ = {isa = PBXFileReference; lastKnownFileType = text.plist.xml; path = Info.plist; sourceTree = "<group>"; };
		55BE9E0A2ADFA94200FFE81E /* Timber */ = {isa = PBXFileReference; lastKnownFileType = wrapper; name = Timber; path = ..; sourceTree = "<group>"; };
/* End PBXFileReference section */

/* Begin PBXFrameworksBuildPhase section */
		55BE9DEF2ADFA91200FFE81E /* Frameworks */ = {
			isa = PBXFrameworksBuildPhase;
			buildActionMask = 2147483647;
			files = (
				2E90F8F22D76F13E0007D6DE /* LumaKitShare in Frameworks */,
				55B4351F2B7A284300B9646F /* LumaKit in Frameworks */,
			);
			runOnlyForDeploymentPostprocessing = 0;
		};
/* End PBXFrameworksBuildPhase section */

/* Begin PBXGroup section */
		555B7BB42B7CB678004CE646 /* CollectionViewManagerExample */ = {
			isa = PBXGroup;
			children = (
				555B7BB52B7CB685004CE646 /* Cells */,
				555B7BB62B7CB691004CE646 /* CollectionViewManagerExampleViewController.swift */,
			);
			path = CollectionViewManagerExample;
			sourceTree = "<group>";
		};
		555B7BB52B7CB685004CE646 /* Cells */ = {
			isa = PBXGroup;
			children = (
				55B146542C7480A400FB731B /* HeaderView */,
				557944652B87355C00AAF06D /* LayoutCell */,
				557944642B87355400AAF06D /* TestCell */,
			);
			path = Cells;
			sourceTree = "<group>";
		};
		557943A32B87290000AAF06D /* UIElementsExample */ = {
			isa = PBXGroup;
			children = (
				557943A42B87291600AAF06D /* UIElementsViewController.swift */,
			);
			path = UIElementsExample;
			sourceTree = "<group>";
		};
		557943A62B872C0100AAF06D /* Resources */ = {
			isa = PBXGroup;
			children = (
				5579445E2B87316E00AAF06D /* video.mov */,
				55A540682C85A625008A485B /* video-short.mov */,
			);
			path = Resources;
			sourceTree = "<group>";
		};
		557943E92B872D7900AAF06D /* ModuleExample */ = {
			isa = PBXGroup;
			children = (
				557944512B872F3600AAF06D /* Example */,
				5579445C2B872F8500AAF06D /* ExampleCoordinator.swift */,
			);
			path = ModuleExample;
			sourceTree = "<group>";
		};
		5579442D2B872EAA00AAF06D /* CodeGen */ = {
			isa = PBXGroup;
			children = (
				5579442F2B872EEA00AAF06D /* .templates */,
				5579442E2B872EEA00AAF06D /* .general.yml */,
			);
			name = CodeGen;
			sourceTree = "<group>";
		};
		5579442F2B872EEA00AAF06D /* .templates */ = {
			isa = PBXGroup;
			children = (
				557944302B872EEA00AAF06D /* rsb_generic_module */,
				557944382B872EEA00AAF06D /* rsb_view */,
				5579443A2B872EEA00AAF06D /* common */,
				5579443F2B872EEA00AAF06D /* rsb_service */,
			);
			path = .templates;
			sourceTree = SOURCE_ROOT;
		};
		557944302B872EEA00AAF06D /* rsb_generic_module */ = {
			isa = PBXGroup;
			children = (
				557944312B872EEA00AAF06D /* Code */,
				557944372B872EEA00AAF06D /* spec.yml */,
			);
			path = rsb_generic_module;
			sourceTree = "<group>";
		};
		557944312B872EEA00AAF06D /* Code */ = {
			isa = PBXGroup;
			children = (
				557944322B872EEA00AAF06D /* ViewModel.swift.stencil */,
				557944332B872EEA00AAF06D /* Presenter.swift.stencil */,
				557944342B872EEA00AAF06D /* ViewController.swift.stencil */,
				557944352B872EEA00AAF06D /* State.swift.stencil */,
				557944362B872EEA00AAF06D /* Module.swift.stencil */,
			);
			path = Code;
			sourceTree = "<group>";
		};
		557944382B872EEA00AAF06D /* rsb_view */ = {
			isa = PBXGroup;
			children = (
				557944392B872EEA00AAF06D /* spec.yml */,
			);
			path = rsb_view;
			sourceTree = "<group>";
		};
		5579443A2B872EEA00AAF06D /* common */ = {
			isa = PBXGroup;
			children = (
				5579443B2B872EEA00AAF06D /* header.stencil */,
				5579443C2B872EEA00AAF06D /* preview */,
			);
			path = common;
			sourceTree = "<group>";
		};
		5579443C2B872EEA00AAF06D /* preview */ = {
			isa = PBXGroup;
			children = (
				5579443D2B872EEA00AAF06D /* view */,
			);
			path = preview;
			sourceTree = "<group>";
		};
		5579443D2B872EEA00AAF06D /* view */ = {
			isa = PBXGroup;
			children = (
				5579443E2B872EEA00AAF06D /* View.swift.stencil */,
			);
			path = view;
			sourceTree = "<group>";
		};
		5579443F2B872EEA00AAF06D /* rsb_service */ = {
			isa = PBXGroup;
			children = (
				557944402B872EEA00AAF06D /* Code */,
				557944442B872EEA00AAF06D /* spec.yml */,
			);
			path = rsb_service;
			sourceTree = "<group>";
		};
		557944402B872EEA00AAF06D /* Code */ = {
			isa = PBXGroup;
			children = (
				557944412B872EEA00AAF06D /* Service.swift.stencil */,
				557944422B872EEA00AAF06D /* Services.swift.stencil */,
				557944432B872EEA00AAF06D /* ServiceImp.swift.stencil */,
			);
			path = Code;
			sourceTree = "<group>";
		};
		557944512B872F3600AAF06D /* Example */ = {
			isa = PBXGroup;
			children = (
				557944522B872F3600AAF06D /* ExamplePresenter.swift */,
				557944532B872F3600AAF06D /* ExampleModule.swift */,
				557944542B872F3600AAF06D /* ExampleViewController.swift */,
				557944552B872F3600AAF06D /* ExampleState.swift */,
				557944562B872F3600AAF06D /* ExampleViewModel.swift */,
			);
			path = Example;
			sourceTree = "<group>";
		};
		557944642B87355400AAF06D /* TestCell */ = {
			isa = PBXGroup;
			children = (
				555B7BB82B7CB705004CE646 /* TestCell.swift */,
			);
			path = TestCell;
			sourceTree = "<group>";
		};
		557944652B87355C00AAF06D /* LayoutCell */ = {
			isa = PBXGroup;
			children = (
				557944662B87356500AAF06D /* LayoutCell.xib */,
				557944682B87356E00AAF06D /* LayoutCell.swift */,
			);
			path = LayoutCell;
			sourceTree = "<group>";
		};
		55A540652C85A13D008A485B /* PlayersExample */ = {
			isa = PBXGroup;
			children = (
				55A540662C85A156008A485B /* PlayersExampleViewController.swift */,
			);
			path = PlayersExample;
			sourceTree = "<group>";
		};
		55B146542C7480A400FB731B /* HeaderView */ = {
			isa = PBXGroup;
			children = (
				55B146552C7480B300FB731B /* HeaderView.swift */,
				55B146572C7480BE00FB731B /* HeaderView.xib */,
			);
			path = HeaderView;
			sourceTree = "<group>";
		};
		55BE9DE92ADFA91200FFE81E = {
			isa = PBXGroup;
			children = (
				55BE9E092ADFA94200FFE81E /* Packages */,
				55BE9DF42ADFA91200FFE81E /* LumaKitExample */,
				55BE9DF32ADFA91200FFE81E /* Products */,
				55DC8E322ADFCB8300A91492 /* Frameworks */,
			);
			sourceTree = "<group>";
		};
		55BE9DF32ADFA91200FFE81E /* Products */ = {
			isa = PBXGroup;
			children = (
				55BE9DF22ADFA91200FFE81E /* LumaKitExample.app */,
			);
			name = Products;
			sourceTree = "<group>";
		};
		55BE9DF42ADFA91200FFE81E /* LumaKitExample */ = {
			isa = PBXGroup;
			children = (
				559E25B02BBBC33700B89996 /* LumaKitExample.entitlements */,
				5579442D2B872EAA00AAF06D /* CodeGen */,
				557943A62B872C0100AAF06D /* Resources */,
				557943E92B872D7900AAF06D /* ModuleExample */,
				557943A32B87290000AAF06D /* UIElementsExample */,
				555B7BB42B7CB678004CE646 /* CollectionViewManagerExample */,
				55A540652C85A13D008A485B /* PlayersExample */,
				55BE9DF52ADFA91200FFE81E /* AppDelegate.swift */,
				55BE9DF72ADFA91200FFE81E /* SceneDelegate.swift */,
				55BE9DF92ADFA91200FFE81E /* MainViewController.swift */,
				55BE9DFB2ADFA91200FFE81E /* Main.storyboard */,
				55BE9DFE2ADFA91300FFE81E /* Assets.xcassets */,
				55BE9E002ADFA91300FFE81E /* LaunchScreen.storyboard */,
				55BE9E032ADFA91300FFE81E /* Info.plist */,
			);
			path = LumaKitExample;
			sourceTree = "<group>";
		};
		55BE9E092ADFA94200FFE81E /* Packages */ = {
			isa = PBXGroup;
			children = (
				55BE9E0A2ADFA94200FFE81E /* Timber */,
			);
			name = Packages;
			sourceTree = "<group>";
		};
		55DC8E322ADFCB8300A91492 /* Frameworks */ = {
			isa = PBXGroup;
			children = (
			);
			name = Frameworks;
			sourceTree = "<group>";
		};
/* End PBXGroup section */

/* Begin PBXNativeTarget section */
		55BE9DF12ADFA91200FFE81E /* LumaKitExample */ = {
			isa = PBXNativeTarget;
			buildConfigurationList = 55BE9E062ADFA91300FFE81E /* Build configuration list for PBXNativeTarget "LumaKitExample" */;
			buildPhases = (
				55BE9DEE2ADFA91200FFE81E /* Sources */,
				55BE9DEF2ADFA91200FFE81E /* Frameworks */,
				55BE9DF02ADFA91200FFE81E /* Resources */,
			);
			buildRules = (
			);
			dependencies = (
			);
			name = LumaKitExample;
			packageProductDependencies = (
				55B4351E2B7A284300B9646F /* LumaKit */,
				2E90F8F12D76F13E0007D6DE /* LumaKitShare */,
			);
			productName = TimberExample;
			productReference = 55BE9DF22ADFA91200FFE81E /* LumaKitExample.app */;
			productType = "com.apple.product-type.application";
		};
/* End PBXNativeTarget section */

/* Begin PBXProject section */
		55BE9DEA2ADFA91200FFE81E /* Project object */ = {
			isa = PBXProject;
			attributes = {
				BuildIndependentTargetsInParallel = 1;
				LastSwiftUpdateCheck = 1430;
				LastUpgradeCheck = 1430;
				TargetAttributes = {
					55BE9DF12ADFA91200FFE81E = {
						CreatedOnToolsVersion = 14.3;
					};
				};
			};
			buildConfigurationList = 55BE9DED2ADFA91200FFE81E /* Build configuration list for PBXProject "LumaKitExample" */;
			compatibilityVersion = "Xcode 14.0";
			developmentRegion = en;
			hasScannedForEncodings = 0;
			knownRegions = (
				en,
				Base,
			);
			mainGroup = 55BE9DE92ADFA91200FFE81E;
			productRefGroup = 55BE9DF32ADFA91200FFE81E /* Products */;
			projectDirPath = "";
			projectRoot = "";
			targets = (
				55BE9DF12ADFA91200FFE81E /* LumaKitExample */,
			);
		};
/* End PBXProject section */

/* Begin PBXResourcesBuildPhase section */
		55BE9DF02ADFA91200FFE81E /* Resources */ = {
			isa = PBXResourcesBuildPhase;
			buildActionMask = 2147483647;
			files = (
				55BE9E022ADFA91300FFE81E /* LaunchScreen.storyboard in Resources */,
				55A540692C85A625008A485B /* video-short.mov in Resources */,
				5579445F2B87316E00AAF06D /* video.mov in Resources */,
				55BE9DFF2ADFA91300FFE81E /* Assets.xcassets in Resources */,
				55B146582C7480BE00FB731B /* HeaderView.xib in Resources */,
				557944672B87356500AAF06D /* LayoutCell.xib in Resources */,
				55BE9DFD2ADFA91200FFE81E /* Main.storyboard in Resources */,
			);
			runOnlyForDeploymentPostprocessing = 0;
		};
/* End PBXResourcesBuildPhase section */

/* Begin PBXSourcesBuildPhase section */
		55BE9DEE2ADFA91200FFE81E /* Sources */ = {
			isa = PBXSourcesBuildPhase;
			buildActionMask = 2147483647;
			files = (
				557944692B87356E00AAF06D /* LayoutCell.swift in Sources */,
				557944582B872F3600AAF06D /* ExampleModule.swift in Sources */,
				55A540672C85A156008A485B /* PlayersExampleViewController.swift in Sources */,
				55BE9DFA2ADFA91200FFE81E /* MainViewController.swift in Sources */,
				5579445A2B872F3600AAF06D /* ExampleState.swift in Sources */,
				5579445D2B872F8500AAF06D /* ExampleCoordinator.swift in Sources */,
				555B7BB72B7CB691004CE646 /* CollectionViewManagerExampleViewController.swift in Sources */,
				555B7BB92B7CB705004CE646 /* TestCell.swift in Sources */,
				55BE9DF62ADFA91200FFE81E /* AppDelegate.swift in Sources */,
				557944572B872F3600AAF06D /* ExamplePresenter.swift in Sources */,
				55BE9DF82ADFA91200FFE81E /* SceneDelegate.swift in Sources */,
				5579445B2B872F3600AAF06D /* ExampleViewModel.swift in Sources */,
				557943A52B87291600AAF06D /* UIElementsViewController.swift in Sources */,
				557944592B872F3600AAF06D /* ExampleViewController.swift in Sources */,
				55B146562C7480B300FB731B /* HeaderView.swift in Sources */,
			);
			runOnlyForDeploymentPostprocessing = 0;
		};
/* End PBXSourcesBuildPhase section */

/* Begin PBXVariantGroup section */
		55BE9DFB2ADFA91200FFE81E /* Main.storyboard */ = {
			isa = PBXVariantGroup;
			children = (
				55BE9DFC2ADFA91200FFE81E /* Base */,
			);
			name = Main.storyboard;
			sourceTree = "<group>";
		};
		55BE9E002ADFA91300FFE81E /* LaunchScreen.storyboard */ = {
			isa = PBXVariantGroup;
			children = (
				55BE9E012ADFA91300FFE81E /* Base */,
			);
			name = LaunchScreen.storyboard;
			sourceTree = "<group>";
		};
/* End PBXVariantGroup section */

/* Begin XCBuildConfiguration section */
		55BE9E042ADFA91300FFE81E /* Debug */ = {
			isa = XCBuildConfiguration;
			buildSettings = {
				ALWAYS_SEARCH_USER_PATHS = NO;
				CLANG_ANALYZER_NONNULL = YES;
				CLANG_ANALYZER_NUMBER_OBJECT_CONVERSION = YES_AGGRESSIVE;
				CLANG_CXX_LANGUAGE_STANDARD = "gnu++20";
				CLANG_ENABLE_MODULES = YES;
				CLANG_ENABLE_OBJC_ARC = YES;
				CLANG_ENABLE_OBJC_WEAK = YES;
				CLANG_WARN_BLOCK_CAPTURE_AUTORELEASING = YES;
				CLANG_WARN_BOOL_CONVERSION = YES;
				CLANG_WARN_COMMA = YES;
				CLANG_WARN_CONSTANT_CONVERSION = YES;
				CLANG_WARN_DEPRECATED_OBJC_IMPLEMENTATIONS = YES;
				CLANG_WARN_DIRECT_OBJC_ISA_USAGE = YES_ERROR;
				CLANG_WARN_DOCUMENTATION_COMMENTS = YES;
				CLANG_WARN_EMPTY_BODY = YES;
				CLANG_WARN_ENUM_CONVERSION = YES;
				CLANG_WARN_INFINITE_RECURSION = YES;
				CLANG_WARN_INT_CONVERSION = YES;
				CLANG_WARN_NON_LITERAL_NULL_CONVERSION = YES;
				CLANG_WARN_OBJC_IMPLICIT_RETAIN_SELF = YES;
				CLANG_WARN_OBJC_LITERAL_CONVERSION = YES;
				CLANG_WARN_OBJC_ROOT_CLASS = YES_ERROR;
				CLANG_WARN_QUOTED_INCLUDE_IN_FRAMEWORK_HEADER = YES;
				CLANG_WARN_RANGE_LOOP_ANALYSIS = YES;
				CLANG_WARN_STRICT_PROTOTYPES = YES;
				CLANG_WARN_SUSPICIOUS_MOVE = YES;
				CLANG_WARN_UNGUARDED_AVAILABILITY = YES_AGGRESSIVE;
				CLANG_WARN_UNREACHABLE_CODE = YES;
				CLANG_WARN__DUPLICATE_METHOD_MATCH = YES;
				COPY_PHASE_STRIP = NO;
				DEBUG_INFORMATION_FORMAT = dwarf;
				ENABLE_STRICT_OBJC_MSGSEND = YES;
				ENABLE_TESTABILITY = YES;
				GCC_C_LANGUAGE_STANDARD = gnu11;
				GCC_DYNAMIC_NO_PIC = NO;
				GCC_NO_COMMON_BLOCKS = YES;
				GCC_OPTIMIZATION_LEVEL = 0;
				GCC_PREPROCESSOR_DEFINITIONS = (
					"DEBUG=1",
					"$(inherited)",
				);
				GCC_WARN_64_TO_32_BIT_CONVERSION = YES;
				GCC_WARN_ABOUT_RETURN_TYPE = YES_ERROR;
				GCC_WARN_UNDECLARED_SELECTOR = YES;
				GCC_WARN_UNINITIALIZED_AUTOS = YES_AGGRESSIVE;
				GCC_WARN_UNUSED_FUNCTION = YES;
				GCC_WARN_UNUSED_VARIABLE = YES;
				IPHONEOS_DEPLOYMENT_TARGET = 16.4;
				MTL_ENABLE_DEBUG_INFO = INCLUDE_SOURCE;
				MTL_FAST_MATH = YES;
				ONLY_ACTIVE_ARCH = YES;
				SDKROOT = iphoneos;
				SWIFT_ACTIVE_COMPILATION_CONDITIONS = DEBUG;
				SWIFT_OPTIMIZATION_LEVEL = "-Onone";
			};
			name = Debug;
		};
		55BE9E052ADFA91300FFE81E /* Release */ = {
			isa = XCBuildConfiguration;
			buildSettings = {
				ALWAYS_SEARCH_USER_PATHS = NO;
				CLANG_ANALYZER_NONNULL = YES;
				CLANG_ANALYZER_NUMBER_OBJECT_CONVERSION = YES_AGGRESSIVE;
				CLANG_CXX_LANGUAGE_STANDARD = "gnu++20";
				CLANG_ENABLE_MODULES = YES;
				CLANG_ENABLE_OBJC_ARC = YES;
				CLANG_ENABLE_OBJC_WEAK = YES;
				CLANG_WARN_BLOCK_CAPTURE_AUTORELEASING = YES;
				CLANG_WARN_BOOL_CONVERSION = YES;
				CLANG_WARN_COMMA = YES;
				CLANG_WARN_CONSTANT_CONVERSION = YES;
				CLANG_WARN_DEPRECATED_OBJC_IMPLEMENTATIONS = YES;
				CLANG_WARN_DIRECT_OBJC_ISA_USAGE = YES_ERROR;
				CLANG_WARN_DOCUMENTATION_COMMENTS = YES;
				CLANG_WARN_EMPTY_BODY = YES;
				CLANG_WARN_ENUM_CONVERSION = YES;
				CLANG_WARN_INFINITE_RECURSION = YES;
				CLANG_WARN_INT_CONVERSION = YES;
				CLANG_WARN_NON_LITERAL_NULL_CONVERSION = YES;
				CLANG_WARN_OBJC_IMPLICIT_RETAIN_SELF = YES;
				CLANG_WARN_OBJC_LITERAL_CONVERSION = YES;
				CLANG_WARN_OBJC_ROOT_CLASS = YES_ERROR;
				CLANG_WARN_QUOTED_INCLUDE_IN_FRAMEWORK_HEADER = YES;
				CLANG_WARN_RANGE_LOOP_ANALYSIS = YES;
				CLANG_WARN_STRICT_PROTOTYPES = YES;
				CLANG_WARN_SUSPICIOUS_MOVE = YES;
				CLANG_WARN_UNGUARDED_AVAILABILITY = YES_AGGRESSIVE;
				CLANG_WARN_UNREACHABLE_CODE = YES;
				CLANG_WARN__DUPLICATE_METHOD_MATCH = YES;
				COPY_PHASE_STRIP = NO;
				DEBUG_INFORMATION_FORMAT = "dwarf-with-dsym";
				ENABLE_NS_ASSERTIONS = NO;
				ENABLE_STRICT_OBJC_MSGSEND = YES;
				GCC_C_LANGUAGE_STANDARD = gnu11;
				GCC_NO_COMMON_BLOCKS = YES;
				GCC_WARN_64_TO_32_BIT_CONVERSION = YES;
				GCC_WARN_ABOUT_RETURN_TYPE = YES_ERROR;
				GCC_WARN_UNDECLARED_SELECTOR = YES;
				GCC_WARN_UNINITIALIZED_AUTOS = YES_AGGRESSIVE;
				GCC_WARN_UNUSED_FUNCTION = YES;
				GCC_WARN_UNUSED_VARIABLE = YES;
				IPHONEOS_DEPLOYMENT_TARGET = 16.4;
				MTL_ENABLE_DEBUG_INFO = NO;
				MTL_FAST_MATH = YES;
				SDKROOT = iphoneos;
				SWIFT_COMPILATION_MODE = wholemodule;
				SWIFT_OPTIMIZATION_LEVEL = "-O";
				VALIDATE_PRODUCT = YES;
			};
			name = Release;
		};
		55BE9E072ADFA91300FFE81E /* Debug */ = {
			isa = XCBuildConfiguration;
			buildSettings = {
				ASSETCATALOG_COMPILER_APPICON_NAME = AppIcon;
				ASSETCATALOG_COMPILER_GLOBAL_ACCENT_COLOR_NAME = AccentColor;
				CODE_SIGN_ENTITLEMENTS = LumaKitExample/LumaKitExample.entitlements;
				"CODE_SIGN_IDENTITY[sdk=macosx*]" = "-";
				CODE_SIGN_STYLE = Automatic;
				CURRENT_PROJECT_VERSION = 5;
				DEVELOPMENT_TEAM = LB2T6ZKPVM;
				GENERATE_INFOPLIST_FILE = YES;
				INFOPLIST_FILE = LumaKitExample/Info.plist;
				INFOPLIST_KEY_NSCameraUsageDescription = "Take Photos";
				INFOPLIST_KEY_NSPhotoLibraryAddUsageDescription = "Add Content";
				INFOPLIST_KEY_NSPhotoLibraryUsageDescription = "Add Content";
				INFOPLIST_KEY_UIApplicationSupportsIndirectInputEvents = YES;
				INFOPLIST_KEY_UILaunchStoryboardName = LaunchScreen;
				INFOPLIST_KEY_UIMainStoryboardFile = Main;
				INFOPLIST_KEY_UISupportedInterfaceOrientations_iPad = "UIInterfaceOrientationPortrait UIInterfaceOrientationPortraitUpsideDown UIInterfaceOrientationLandscapeLeft UIInterfaceOrientationLandscapeRight";
				INFOPLIST_KEY_UISupportedInterfaceOrientations_iPhone = "UIInterfaceOrientationPortrait UIInterfaceOrientationLandscapeLeft UIInterfaceOrientationLandscapeRight";
				IPHONEOS_DEPLOYMENT_TARGET = 16.0;
				LD_RUNPATH_SEARCH_PATHS = (
					"$(inherited)",
					"@executable_path/Frameworks",
				);
				MARKETING_VERSION = 1.0;
				PRODUCT_BUNDLE_IDENTIFIER = ai.luma.kit;
				PRODUCT_NAME = "$(TARGET_NAME)";
				SUPPORTED_PLATFORMS = "iphoneos iphonesimulator xros xrsimulator";
				SUPPORTS_MACCATALYST = YES;
				SUPPORTS_MAC_DESIGNED_FOR_IPHONE_IPAD = NO;
				SUPPORTS_XR_DESIGNED_FOR_IPHONE_IPAD = NO;
				SWIFT_EMIT_LOC_STRINGS = YES;
				SWIFT_STRICT_CONCURRENCY = complete;
				SWIFT_VERSION = 5.0;
				TARGETED_DEVICE_FAMILY = "1,2,7";
			};
			name = Debug;
		};
		55BE9E082ADFA91300FFE81E /* Release */ = {
			isa = XCBuildConfiguration;
			buildSettings = {
				ASSETCATALOG_COMPILER_APPICON_NAME = AppIcon;
				ASSETCATALOG_COMPILER_GLOBAL_ACCENT_COLOR_NAME = AccentColor;
				CODE_SIGN_ENTITLEMENTS = LumaKitExample/LumaKitExample.entitlements;
				"CODE_SIGN_IDENTITY[sdk=macosx*]" = "-";
				CODE_SIGN_STYLE = Automatic;
				CURRENT_PROJECT_VERSION = 5;
				DEVELOPMENT_TEAM = LB2T6ZKPVM;
				GENERATE_INFOPLIST_FILE = YES;
				INFOPLIST_FILE = LumaKitExample/Info.plist;
				INFOPLIST_KEY_NSCameraUsageDescription = "Take Photos";
				INFOPLIST_KEY_NSPhotoLibraryAddUsageDescription = "Add Content";
				INFOPLIST_KEY_NSPhotoLibraryUsageDescription = "Add Content";
				INFOPLIST_KEY_UIApplicationSupportsIndirectInputEvents = YES;
				INFOPLIST_KEY_UILaunchStoryboardName = LaunchScreen;
				INFOPLIST_KEY_UIMainStoryboardFile = Main;
				INFOPLIST_KEY_UISupportedInterfaceOrientations_iPad = "UIInterfaceOrientationPortrait UIInterfaceOrientationPortraitUpsideDown UIInterfaceOrientationLandscapeLeft UIInterfaceOrientationLandscapeRight";
				INFOPLIST_KEY_UISupportedInterfaceOrientations_iPhone = "UIInterfaceOrientationPortrait UIInterfaceOrientationLandscapeLeft UIInterfaceOrientationLandscapeRight";
				IPHONEOS_DEPLOYMENT_TARGET = 16.0;
				LD_RUNPATH_SEARCH_PATHS = (
					"$(inherited)",
					"@executable_path/Frameworks",
				);
				MARKETING_VERSION = 1.0;
				PRODUCT_BUNDLE_IDENTIFIER = ai.luma.kit;
				PRODUCT_NAME = "$(TARGET_NAME)";
				SUPPORTED_PLATFORMS = "iphoneos iphonesimulator xros xrsimulator";
				SUPPORTS_MACCATALYST = YES;
				SUPPORTS_MAC_DESIGNED_FOR_IPHONE_IPAD = NO;
				SUPPORTS_XR_DESIGNED_FOR_IPHONE_IPAD = NO;
				SWIFT_EMIT_LOC_STRINGS = YES;
				SWIFT_STRICT_CONCURRENCY = complete;
				SWIFT_VERSION = 5.0;
				TARGETED_DEVICE_FAMILY = "1,2,7";
			};
			name = Release;
		};
/* End XCBuildConfiguration section */

/* Begin XCConfigurationList section */
		55BE9DED2ADFA91200FFE81E /* Build configuration list for PBXProject "LumaKitExample" */ = {
			isa = XCConfigurationList;
			buildConfigurations = (
				55BE9E042ADFA91300FFE81E /* Debug */,
				55BE9E052ADFA91300FFE81E /* Release */,
			);
			defaultConfigurationIsVisible = 0;
			defaultConfigurationName = Release;
		};
		55BE9E062ADFA91300FFE81E /* Build configuration list for PBXNativeTarget "LumaKitExample" */ = {
			isa = XCConfigurationList;
			buildConfigurations = (
				55BE9E072ADFA91300FFE81E /* Debug */,
				55BE9E082ADFA91300FFE81E /* Release */,
			);
			defaultConfigurationIsVisible = 0;
			defaultConfigurationName = Release;
		};
/* End XCConfigurationList section */

/* Begin XCSwiftPackageProductDependency section */
		2E90F8F12D76F13E0007D6DE /* LumaKitShare */ = {
			isa = XCSwiftPackageProductDependency;
			productName = LumaKitShare;
		};
		55B4351E2B7A284300B9646F /* LumaKit */ = {
			isa = XCSwiftPackageProductDependency;
			productName = LumaKit;
		};
/* End XCSwiftPackageProductDependency section */
	};
	rootObject = 55BE9DEA2ADFA91200FFE81E /* Project object */;
}
