{
  "pins" : [
    {
      "identity" : "genericmodule",
      "kind" : "remoteSourceControl",
      "location" : "https://github.com/disabled/GenericModule",
      "state" : {
        "branch" : "master",
        "revision" : "87da8c4fc8dae23be5f3f4c30196191c108b9eb0"
      }
    },
    {
      "identity" : "lottie-ios",
      "kind" : "remoteSourceControl",
      "location" : "https://github.com/airbnb/lottie-ios",
      "state" : {
        "branch" : "master",
        "revision" : "2f0f7610aec94261b6e58bd52a5ed2e1127eeb19"
      }
    }
  ],
  "version" : 2
}
